// !$*UTF8*$!
{
	archiveVersion = 1;
	classes = {
	};
	objectVersion = 48;
	objects = {

/* Begin PBXBuildFile section */
		FE51E2FB1F72189F000D7DFA /* AppDelegate.swift in Sources */ = {isa = PBXBuildFile; fileRef = FE51E2FA1F72189F000D7DFA /* AppDelegate.swift */; };
		FE51E3001F72189F000D7DFA /* Main.storyboard in Resources */ = {isa = PBXBuildFile; fileRef = FE51E2FE1F72189F000D7DFA /* Main.storyboard */; };
		FE51E3021F72189F000D7DFA /* Assets.xcassets in Resources */ = {isa = PBXBuildFile; fileRef = FE51E3011F72189F000D7DFA /* Assets.xcassets */; };
		FE51E3051F72189F000D7DFA /* LaunchScreen.storyboard in Resources */ = {isa = PBXBuildFile; fileRef = FE51E3031F72189F000D7DFA /* LaunchScreen.storyboard */; };
		FE51E30D1F7218B2000D7DFA /* Algorithm.swift in Sources */ = {isa = PBXBuildFile; fileRef = FE51E30C1F7218B2000D7DFA /* Algorithm.swift */; };
		FE51E30F1F721BAA000D7DFA /* InputTableViewController.swift in Sources */ = {isa = PBXBuildFile; fileRef = FE51E30E1F721BAA000D7DFA /* InputTableViewController.swift */; };
		FE51E3111F722032000D7DFA /* ResultTableViewController.swift in Sources */ = {isa = PBXBuildFile; fileRef = FE51E3101F722032000D7DFA /* ResultTableViewController.swift */; };
/* End PBXBuildFile section */

/* Begin PBXFileReference section */
		FE51E2F71F72189F000D7DFA /* CaesarCipherDecoder.app */ = {isa = PBXFileReference; explicitFileType = wrapper.application; includeInIndex = 0; path = CaesarCipherDecoder.app; sourceTree = BUILT_PRODUCTS_DIR; };
		FE51E2FA1F72189F000D7DFA /* AppDelegate.swift */ = {isa = PBXFileReference; lastKnownFileType = sourcecode.swift; path = AppDelegate.swift; sourceTree = "<group>"; };
		FE51E2FF1F72189F000D7DFA /* Base */ = {isa = PBXFileReference; lastKnownFileType = file.storyboard; name = Base; path = Base.lproj/Main.storyboard; sourceTree = "<group>"; };
		FE51E3011F72189F000D7DFA /* Assets.xcassets */ = {isa = PBXFileReference; lastKnownFileType = folder.assetcatalog; path = Assets.xcassets; sourceTree = "<group>"; };
		FE51E3041F72189F000D7DFA /* Base */ = {isa = PBXFileReference; lastKnownFileType = file.storyboard; name = Base; path = Base.lproj/LaunchScreen.storyboard; sourceTree = "<group>"; };
		FE51E3061F72189F000D7DFA /* Info.plist */ = {isa = PBXFileReference; lastKnownFileType = text.plist.xml; path = Info.plist; sourceTree = "<group>"; };
		FE51E30C1F7218B2000D7DFA /* Algorithm.swift */ = {isa = PBXFileReference; lastKnownFileType = sourcecode.swift; path = Algorithm.swift; sourceTree = "<group>"; };
		FE51E30E1F721BAA000D7DFA /* InputTableViewController.swift */ = {isa = PBXFileReference; lastKnownFileType = sourcecode.swift; path = InputTableViewController.swift; sourceTree = "<group>"; };
		FE51E3101F722032000D7DFA /* ResultTableViewController.swift */ = {isa = PBXFileReference; lastKnownFileType = sourcecode.swift; path = ResultTableViewController.swift; sourceTree = "<group>"; };
/* End PBXFileReference section */

/* Begin PBXFrameworksBuildPhase section */
		FE51E2F41F72189F000D7DFA /* Frameworks */ = {
			isa = PBXFrameworksBuildPhase;
			buildActionMask = 2147483647;
			files = (
			);
			runOnlyForDeploymentPostprocessing = 0;
		};
/* End PBXFrameworksBuildPhase section */

/* Begin PBXGroup section */
		FE51E2EE1F72189F000D7DFA = {
			isa = PBXGroup;
			children = (
				FE51E2F91F72189F000D7DFA /* CaesarCipherDecoder */,
				FE51E2F81F72189F000D7DFA /* Products */,
			);
			sourceTree = "<group>";
		};
		FE51E2F81F72189F000D7DFA /* Products */ = {
			isa = PBXGroup;
			children = (
				FE51E2F71F72189F000D7DFA /* CaesarCipherDecoder.app */,
			);
			name = Products;
			sourceTree = "<group>";
		};
		FE51E2F91F72189F000D7DFA /* CaesarCipherDecoder */ = {
			isa = PBXGroup;
			children = (
				FE51E2FA1F72189F000D7DFA /* AppDelegate.swift */,
				FE51E30C1F7218B2000D7DFA /* Algorithm.swift */,
				FE51E30E1F721BAA000D7DFA /* InputTableViewController.swift */,
				FE51E3101F722032000D7DFA /* ResultTableViewController.swift */,
				FE51E2FE1F72189F000D7DFA /* Main.storyboard */,
				FE51E3011F72189F000D7DFA /* Assets.xcassets */,
				FE51E3031F72189F000D7DFA /* LaunchScreen.storyboard */,
				FE51E3061F72189F000D7DFA /* Info.plist */,
			);
			path = CaesarCipherDecoder;
			sourceTree = "<group>";
		};
/* End PBXGroup section */

/* Begin PBXNativeTarget section */
		FE51E2F61F72189F000D7DFA /* CaesarCipherDecoder */ = {
			isa = PBXNativeTarget;
			buildConfigurationList = FE51E3091F72189F000D7DFA /* Build configuration list for PBXNativeTarget "CaesarCipherDecoder" */;
			buildPhases = (
				FE51E2F31F72189F000D7DFA /* Sources */,
				FE51E2F41F72189F000D7DFA /* Frameworks */,
				FE51E2F51F72189F000D7DFA /* Resources */,
			);
			buildRules = (
			);
			dependencies = (
			);
			name = CaesarCipherDecoder;
			productName = CaesarCipherDecoder;
			productReference = FE51E2F71F72189F000D7DFA /* CaesarCipherDecoder.app */;
			productType = "com.apple.product-type.application";
		};
/* End PBXNativeTarget section */

/* Begin PBXProject section */
		FE51E2EF1F72189F000D7DFA /* Project object */ = {
			isa = PBXProject;
			attributes = {
				LastSwiftUpdateCheck = 0900;
				LastUpgradeCheck = 0900;
				ORGANIZATIONNAME = "Lijie Zhao";
				TargetAttributes = {
					FE51E2F61F72189F000D7DFA = {
						CreatedOnToolsVersion = 9.0;
						ProvisioningStyle = Automatic;
					};
				};
			};
			buildConfigurationList = FE51E2F21F72189F000D7DFA /* Build configuration list for PBXProject "CaesarCipherDecoder" */;
			compatibilityVersion = "Xcode 8.0";
			developmentRegion = en;
			hasScannedForEncodings = 0;
			knownRegions = (
				en,
				Base,
			);
			mainGroup = FE51E2EE1F72189F000D7DFA;
			productRefGroup = FE51E2F81F72189F000D7DFA /* Products */;
			projectDirPath = "";
			projectRoot = "";
			targets = (
				FE51E2F61F72189F000D7DFA /* CaesarCipherDecoder */,
			);
		};
/* End PBXProject section */

/* Begin PBXResourcesBuildPhase section */
		FE51E2F51F72189F000D7DFA /* Resources */ = {
			isa = PBXResourcesBuildPhase;
			buildActionMask = 2147483647;
			files = (
				FE51E3051F72189F000D7DFA /* LaunchScreen.storyboard in Resources */,
				FE51E3021F72189F000D7DFA /* Assets.xcassets in Resources */,
				FE51E3001F72189F000D7DFA /* Main.storyboard in Resources */,
			);
			runOnlyForDeploymentPostprocessing = 0;
		};
/* End PBXResourcesBuildPhase section */

/* Begin PBXSourcesBuildPhase section */
		FE51E2F31F72189F000D7DFA /* Sources */ = {
			isa = PBXSourcesBuildPhase;
			buildActionMask = 2147483647;
			files = (
				FE51E3111F722032000D7DFA /* ResultTableViewController.swift in Sources */,
				FE51E30F1F721BAA000D7DFA /* InputTableViewController.swift in Sources */,
				FE51E30D1F7218B2000D7DFA /* Algorithm.swift in Sources */,
				FE51E2FB1F72189F000D7DFA /* AppDelegate.swift in Sources */,
			);
			runOnlyForDeploymentPostprocessing = 0;
		};
/* End PBXSourcesBuildPhase section */

/* Begin PBXVariantGroup section */
		FE51E2FE1F72189F000D7DFA /* Main.storyboard */ = {
			isa = PBXVariantGroup;
			children = (
				FE51E2FF1F72189F000D7DFA /* Base */,
			);
			name = Main.storyboard;
			sourceTree = "<group>";
		};
		FE51E3031F72189F000D7DFA /* LaunchScreen.storyboard */ = {
			isa = PBXVariantGroup;
			children = (
				FE51E3041F72189F000D7DFA /* Base */,
			);
			name = LaunchScreen.storyboard;
			sourceTree = "<group>";
		};
/* End PBXVariantGroup section */

/* Begin XCBuildConfiguration section */
		FE51E3071F72189F000D7DFA /* Debug */ = {
			isa = XCBuildConfiguration;
			buildSettings = {
				ALWAYS_SEARCH_USER_PATHS = NO;
				CLANG_ANALYZER_NONNULL = YES;
				CLANG_ANALYZER_NUMBER_OBJECT_CONVERSION = YES_AGGRESSIVE;
				CLANG_CXX_LANGUAGE_STANDARD = "gnu++14";
				CLANG_CXX_LIBRARY = "libc++";
				CLANG_ENABLE_MODULES = YES;
				CLANG_ENABLE_OBJC_ARC = YES;
				CLANG_WARN_BLOCK_CAPTURE_AUTORELEASING = YES;
				CLANG_WARN_BOOL_CONVERSION = YES;
				CLANG_WARN_COMMA = YES;
				CLANG_WARN_CONSTANT_CONVERSION = YES;
				CLANG_WARN_DIRECT_OBJC_ISA_USAGE = YES_ERROR;
				CLANG_WARN_DOCUMENTATION_COMMENTS = YES;
				CLANG_WARN_EMPTY_BODY = YES;
				CLANG_WARN_ENUM_CONVERSION = YES;
				CLANG_WARN_INFINITE_RECURSION = YES;
				CLANG_WARN_INT_CONVERSION = YES;
				CLANG_WARN_NON_LITERAL_NULL_CONVERSION = YES;
				CLANG_WARN_OBJC_LITERAL_CONVERSION = YES;
				CLANG_WARN_OBJC_ROOT_CLASS = YES_ERROR;
				CLANG_WARN_RANGE_LOOP_ANALYSIS = YES;
				CLANG_WARN_STRICT_PROTOTYPES = YES;
				CLANG_WARN_SUSPICIOUS_MOVE = YES;
				CLANG_WARN_UNGUARDED_AVAILABILITY = YES_AGGRESSIVE;
				CLANG_WARN_UNREACHABLE_CODE = YES;
				CLANG_WARN__DUPLICATE_METHOD_MATCH = YES;
				CODE_SIGN_IDENTITY = "iPhone Developer";
				COPY_PHASE_STRIP = NO;
				DEBUG_INFORMATION_FORMAT = dwarf;
				ENABLE_STRICT_OBJC_MSGSEND = YES;
				ENABLE_TESTABILITY = YES;
				GCC_C_LANGUAGE_STANDARD = gnu11;
				GCC_DYNAMIC_NO_PIC = NO;
				GCC_NO_COMMON_BLOCKS = YES;
				GCC_OPTIMIZATION_LEVEL = 0;
				GCC_PREPROCESSOR_DEFINITIONS = (
					"DEBUG=1",
					"$(inherited)",
				);
				GCC_WARN_64_TO_32_BIT_CONVERSION = YES;
				GCC_WARN_ABOUT_RETURN_TYPE = YES_ERROR;
				GCC_WARN_UNDECLARED_SELECTOR = YES;
				GCC_WARN_UNINITIALIZED_AUTOS = YES_AGGRESSIVE;
				GCC_WARN_UNUSED_FUNCTION = YES;
				GCC_WARN_UNUSED_VARIABLE = YES;
				IPHONEOS_DEPLOYMENT_TARGET = 11.0;
				MTL_ENABLE_DEBUG_INFO = YES;
				ONLY_ACTIVE_ARCH = YES;
				SDKROOT = iphoneos;
				SWIFT_ACTIVE_COMPILATION_CONDITIONS = DEBUG;
				SWIFT_OPTIMIZATION_LEVEL = "-Onone";
			};
			name = Debug;
		};
		FE51E3081F72189F000D7DFA /* Release */ = {
			isa = XCBuildConfiguration;
			buildSettings = {
				ALWAYS_SEARCH_USER_PATHS = NO;
				CLANG_ANALYZER_NONNULL = YES;
				CLANG_ANALYZER_NUMBER_OBJECT_CONVERSION = YES_AGGRESSIVE;
				CLANG_CXX_LANGUAGE_STANDARD = "gnu++14";
				CLANG_CXX_LIBRARY = "libc++";
				CLANG_ENABLE_MODULES = YES;
				CLANG_ENABLE_OBJC_ARC = YES;
				CLANG_WARN_BLOCK_CAPTURE_AUTORELEASING = YES;
				CLANG_WARN_BOOL_CONVERSION = YES;
				CLANG_WARN_COMMA = YES;
				CLANG_WARN_CONSTANT_CONVERSION = YES;
				CLANG_WARN_DIRECT_OBJC_ISA_USAGE = YES_ERROR;
				CLANG_WARN_DOCUMENTATION_COMMENTS = YES;
				CLANG_WARN_EMPTY_BODY = YES;
				CLANG_WARN_ENUM_CONVERSION = YES;
				CLANG_WARN_INFINITE_RECURSION = YES;
				CLANG_WARN_INT_CONVERSION = YES;
				CLANG_WARN_NON_LITERAL_NULL_CONVERSION = YES;
				CLANG_WARN_OBJC_LITERAL_CONVERSION = YES;
				CLANG_WARN_OBJC_ROOT_CLASS = YES_ERROR;
				CLANG_WARN_RANGE_LOOP_ANALYSIS = YES;
				CLANG_WARN_STRICT_PROTOTYPES = YES;
				CLANG_WARN_SUSPICIOUS_MOVE = YES;
				CLANG_WARN_UNGUARDED_AVAILABILITY = YES_AGGRESSIVE;
				CLANG_WARN_UNREACHABLE_CODE = YES;
				CLANG_WARN__DUPLICATE_METHOD_MATCH = YES;
				CODE_SIGN_IDENTITY = "iPhone Developer";
				COPY_PHASE_STRIP = NO;
				DEBUG_INFORMATION_FORMAT = "dwarf-with-dsym";
				ENABLE_NS_ASSERTIONS = NO;
				ENABLE_STRICT_OBJC_MSGSEND = YES;
				GCC_C_LANGUAGE_STANDARD = gnu11;
				GCC_NO_COMMON_BLOCKS = YES;
				GCC_WARN_64_TO_32_BIT_CONVERSION = YES;
				GCC_WARN_ABOUT_RETURN_TYPE = YES_ERROR;
				GCC_WARN_UNDECLARED_SELECTOR = YES;
				GCC_WARN_UNINITIALIZED_AUTOS = YES_AGGRESSIVE;
				GCC_WARN_UNUSED_FUNCTION = YES;
				GCC_WARN_UNUSED_VARIABLE = YES;
				IPHONEOS_DEPLOYMENT_TARGET = 11.0;
				MTL_ENABLE_DEBUG_INFO = NO;
				SDKROOT = iphoneos;
				SWIFT_OPTIMIZATION_LEVEL = "-Owholemodule";
				VALIDATE_PRODUCT = YES;
			};
			name = Release;
		};
		FE51E30A1F72189F000D7DFA /* Debug */ = {
			isa = XCBuildConfiguration;
			buildSettings = {
				ASSETCATALOG_COMPILER_APPICON_NAME = AppIcon;
				CODE_SIGN_STYLE = Automatic;
				DEVELOPMENT_TEAM = 3RB5P9H52G;
				INFOPLIST_FILE = CaesarCipherDecoder/Info.plist;
				LD_RUNPATH_SEARCH_PATHS = "$(inherited) @executable_path/Frameworks";
				PRODUCT_BUNDLE_IDENTIFIER = ZHAO.CaesarCipherDecoder;
				PRODUCT_NAME = "$(TARGET_NAME)";
				SWIFT_VERSION = 4.0;
				TARGETED_DEVICE_FAMILY = "1,2";
			};
			name = Debug;
		};
		FE51E30B1F72189F000D7DFA /* Release */ = {
			isa = XCBuildConfiguration;
			buildSettings = {
				ASSETCATALOG_COMPILER_APPICON_NAME = AppIcon;
				CODE_SIGN_STYLE = Automatic;
				DEVELOPMENT_TEAM = 3RB5P9H52G;
				INFOPLIST_FILE = CaesarCipherDecoder/Info.plist;
				LD_RUNPATH_SEARCH_PATHS = "$(inherited) @executable_path/Frameworks";
				PRODUCT_BUNDLE_IDENTIFIER = ZHAO.CaesarCipherDecoder;
				PRODUCT_NAME = "$(TARGET_NAME)";
				SWIFT_VERSION = 4.0;
				TARGETED_DEVICE_FAMILY = "1,2";
			};
			name = Release;
		};
/* End XCBuildConfiguration section */

/* Begin XCConfigurationList section */
		FE51E2F21F72189F000D7DFA /* Build configuration list for PBXProject "CaesarCipherDecoder" */ = {
			isa = XCConfigurationList;
			buildConfigurations = (
				FE51E3071F72189F000D7DFA /* Debug */,
				FE51E3081F72189F000D7DFA /* Release */,
			);
			defaultConfigurationIsVisible = 0;
			defaultConfigurationName = Release;
		};
		FE51E3091F72189F000D7DFA /* Build configuration list for PBXNativeTarget "CaesarCipherDecoder" */ = {
			isa = XCConfigurationList;
			buildConfigurations = (
				FE51E30A1F72189F000D7DFA /* Debug */,
				FE51E30B1F72189F000D7DFA /* Release */,
			);
			defaultConfigurationIsVisible = 0;
			defaultConfigurationName = Release;
		};
/* End XCConfigurationList section */
	};
	rootObject = FE51E2EF1F72189F000D7DFA /* Project object */;
}
